Microsoft Visual Studio Solution File, Format Version 12.00
# Visual Studio Version 17
VisualStudioVersion = 17.5.2.0
MinimumVisualStudioVersion = 10.0.40219.1
Project("{2150E333-8FDC-42A3-9474-1A3956D46DE8}") = "Enunciado 4", "Enunciado 4", "{9CFE0D14-D830-9A57-5A2C-70B0F008A585}"
EndProject
Project("{2150E333-8FDC-42A3-9474-1A3956D46DE8}") = "Enunciado 3", "Enunciado 3", "{6BE8DA86-02F7-ED7C-3FC7-A84E807B23B3}"
EndProject
Project("{2150E333-8FDC-42A3-9474-1A3956D46DE8}") = "Enunciado 2", "Enunciado 2", "{92F7EAC7-BF28-BAB5-5830-9E5CA4F0B7D0}"
EndProject
Project("{2150E333-8FDC-42A3-9474-1A3956D46DE8}") = "Enunciado 5", "Enunciado 5", "{843BF57B-2CF3-C461-FC20-CA8D399E8F53}"
EndProject
Project("{2150E333-8FDC-42A3-9474-1A3956D46DE8}") = "Enunciado 1", "Enunciado 1", "{C0F9D524-D147-ACCD-A1EC-3A23DD3E8561}"
EndProject
Project("{2150E333-8FDC-42A3-9474-1A3956D46DE8}") = "Sprint 1", "Sprint 1", "{94107FC8-9964-D3A9-A448-5CF04801A8E9}"
EndProject
Project("{FAE04EC0-301F-11D3-BF4B-00C04F79EFBC}") = "Sprint1", "Enunciado 4\Sprint 1\Sprint1.csproj", "{DB790AA9-269C-A189-FB8A-864C4B7F8256}"
EndProject
Project("{2150E333-8FDC-42A3-9474-1A3956D46DE8}") = "Sprint 3", "Sprint 3", "{5B6C0393-86E7-7411-ED65-5685E4AE1EEB}"
EndProject
Project("{FAE04EC0-301F-11D3-BF4B-00C04F79EFBC}") = "Sprint3", "Enunciado 4\Sprint 3\Sprint3.csproj", "{BD9D6B7D-2256-74B8-3513-D5ECEF8FFEEB}"
EndProject
Project("{2150E333-8FDC-42A3-9474-1A3956D46DE8}") = "Sprint 4", "Sprint 4", "{970A751D-0555-2626-C5E3-ECDAF701292A}"
EndProject
Project("{FAE04EC0-301F-11D3-BF4B-00C04F79EFBC}") = "Sprint4", "Enunciado 4\Sprint 4\Sprint4.csproj", "{8A3AB1E9-0CE4-107E-E807-E7A769A1EF24}"
EndProject
Project("{2150E333-8FDC-42A3-9474-1A3956D46DE8}") = "Sprint 2", "Sprint 2", "{5184C9A1-0932-DDDA-161F-95B530166023}"
EndProject
Project("{FAE04EC0-301F-11D3-BF4B-00C04F79EFBC}") = "Sprint2", "Enunciado 4\Sprint 2\Sprint2.csproj", "{914C4F4C-96FC-5AB7-CDDC-FC7E594BFCC9}"
EndProject
Project("{2150E333-8FDC-42A3-9474-1A3956D46DE8}") = "Sprint 1", "Sprint 1", "{F7F0F8F5-2AAD-0C56-BD1D-293E9481FAF4}"
EndProject
Project("{FAE04EC0-301F-11D3-BF4B-00C04F79EFBC}") = "Sprint1", "Enunciado 3\Sprint 1\Sprint1.csproj", "{F341A200-7F2E-EE91-D7BE-47EC524C974F}"
EndProject
Project("{2150E333-8FDC-42A3-9474-1A3956D46DE8}") = "Sprint 3", "Sprint 3", "{5434D777-0180-018C-AA2A-73DEDCB7CB98}"
EndProject
Project("{FAE04EC0-301F-11D3-BF4B-00C04F79EFBC}") = "Sprint3", "Enunciado 3\Sprint 3\Sprint3.csproj", "{FB9FC46C-17B5-DA4C-E889-CF76FD3B559B}"
EndProject
Project("{2150E333-8FDC-42A3-9474-1A3956D46DE8}") = "Sprint 4", "Sprint 4", "{1DB89410-48D8-3192-B51F-066D6803DB9A}"
EndProject
Project("{FAE04EC0-301F-11D3-BF4B-00C04F79EFBC}") = "Sprint4", "Enunciado 3\Sprint 4\Sprint4.csproj", "{BDEFAC5B-3389-54F4-DB90-50530E41BF1D}"
EndProject
Project("{2150E333-8FDC-42A3-9474-1A3956D46DE8}") = "Sprint 2", "Sprint 2", "{A8899D5E-7714-94D3-B76D-B713F95E1267}"
EndProject
Project("{FAE04EC0-301F-11D3-BF4B-00C04F79EFBC}") = "Sprint2", "Enunciado 3\Sprint 2\Sprint2.csproj", "{BBE2CB32-28E8-5081-CE88-0343E23A8B28}"
EndProject
Project("{2150E333-8FDC-42A3-9474-1A3956D46DE8}") = "Sprint 1", "Sprint 1", "{42353627-B67D-A528-BE3B-8488B7F55475}"
EndProject
Project("{FAE04EC0-301F-11D3-BF4B-00C04F79EFBC}") = "Sprint1", "Enunciado 2\Sprint 1\Sprint1.csproj", "{07C6E7C1-C443-92E8-2371-2099B36CF4F2}"
EndProject
Project("{2150E333-8FDC-42A3-9474-1A3956D46DE8}") = "Sprint 3", "Sprint 3", "{0859CF2E-D83A-E532-74C1-D0F5A8FFFFDF}"
EndProject
Project("{FAE04EC0-301F-11D3-BF4B-00C04F79EFBC}") = "Sprint3", "Enunciado 2\Sprint 3\Sprint3.csproj", "{824E05A8-9F9E-F185-0757-3358E96471A6}"
EndProject
Project("{2150E333-8FDC-42A3-9474-1A3956D46DE8}") = "Sprint 4", "Sprint 4", "{77D7C21F-5A07-CB65-99FC-7C2D1FBB3A53}"
EndProject
Project("{FAE04EC0-301F-11D3-BF4B-00C04F79EFBC}") = "Sprint4", "Enunciado 2\Sprint 4\Sprint4.csproj", "{DD9E730A-5159-8EF6-BA8B-29DB4588374C}"
EndProject
Project("{2150E333-8FDC-42A3-9474-1A3956D46DE8}") = "Sprint 2", "Sprint 2", "{202636FF-EBB4-598E-A526-C310DB869D1D}"
EndProject
Project("{FAE04EC0-301F-11D3-BF4B-00C04F79EFBC}") = "Sprint2", "Enunciado 2\Sprint 2\Sprint2.csproj", "{E8098CE6-F472-2CDB-C752-E3E2EFA133C3}"
EndProject
Project("{2150E333-8FDC-42A3-9474-1A3956D46DE8}") = "Sprint 1", "Sprint 1", "{CE5B9E71-34D8-18F7-78CA-435F379F40FC}"
EndProject
Project("{FAE04EC0-301F-11D3-BF4B-00C04F79EFBC}") = "Sprint1", "Enunciado 5\Sprint 1\Sprint1.csproj", "{E473A1D6-DD59-B6C2-E6ED-F193B37F143A}"
EndProject
Project("{2150E333-8FDC-42A3-9474-1A3956D46DE8}") = "Sprint 3", "Sprint 3", "{3FD668F8-1308-14F8-BBEC-25399AD6E4EC}"
EndProject
Project("{FAE04EC0-301F-11D3-BF4B-00C04F79EFBC}") = "Sprint3", "Enunciado 5\Sprint 3\Sprint3.csproj", "{72D7E12C-493D-D4D8-05C8-1ED8A862C0D4}"
EndProject
Project("{2150E333-8FDC-42A3-9474-1A3956D46DE8}") = "Sprint 4", "Sprint 4", "{02817CA5-60ED-C919-ABB0-7C977A389B7F}"
EndProject
Project("{FAE04EC0-301F-11D3-BF4B-00C04F79EFBC}") = "Sprint4", "Enunciado 5\Sprint 4\Sprint4.csproj", "{E3FCBCA0-D331-33E2-E939-279CA632129E}"
EndProject
Project("{2150E333-8FDC-42A3-9474-1A3956D46DE8}") = "Sprint 2", "Sprint 2", "{76A70D72-D249-3542-1852-E8FE6F9B577B}"
EndProject
Project("{FAE04EC0-301F-11D3-BF4B-00C04F79EFBC}") = "Sprint2", "Enunciado 5\Sprint 2\Sprint2.csproj", "{AA2CBD20-9817-5768-6CB4-8B29515437B8}"
EndProject
Project("{2150E333-8FDC-42A3-9474-1A3956D46DE8}") = "Sprint 1", "Sprint 1", "{281A5837-BF05-3577-C229-313151745D2A}"
EndProject
Project("{FAE04EC0-301F-11D3-BF4B-00C04F79EFBC}") = "Sprint1", "Enunciado 1\Sprint 1\Sprint1.csproj", "{4F9FF096-BD7F-CF3E-28BA-7616A2413C35}"
EndProject
Project("{2150E333-8FDC-42A3-9474-1A3956D46DE8}") = "Sprint 3", "Sprint 3", "{26A8F5A6-10EA-4C39-9D02-13587C283ADC}"
EndProject
Project("{FAE04EC0-301F-11D3-BF4B-00C04F79EFBC}") = "Sprint3", "Enunciado 1\Sprint 3\Sprint3.csproj", "{5CAB5224-6ACF-2324-7907-44F3072E28AC}"
EndProject
Project("{2150E333-8FDC-42A3-9474-1A3956D46DE8}") = "Sprint 4", "Sprint 4", "{9129DE97-C1EB-C127-AA93-EE78B0D226CD}"
EndProject
Project("{FAE04EC0-301F-11D3-BF4B-00C04F79EFBC}") = "Sprint4", "Enunciado 1\Sprint 4\Sprint4.csproj", "{AA5F257E-068F-1223-AD8D-6C74347445D7}"
EndProject
Project("{2150E333-8FDC-42A3-9474-1A3956D46DE8}") = "Sprint 2", "Sprint 2", "{3E8F1666-B377-C6CA-7FE8-ED1E9EDF5EFB}"
EndProject
Project("{FAE04EC0-301F-11D3-BF4B-00C04F79EFBC}") = "Sprint2", "Enunciado 1\Sprint 2\Sprint2.csproj", "{5296C27F-94B8-4039-74E1-10E6C17229A5}"
EndProject
Global
	GlobalSection(SolutionConfigurationPlatforms) = preSolution
		Debug|Any CPU = Debug|Any CPU
		Release|Any CPU = Release|Any CPU
	EndGlobalSection
	GlobalSection(ProjectConfigurationPlatforms) = postSolution
		{DB790AA9-269C-A189-FB8A-864C4B7F8256}.Debug|Any CPU.ActiveCfg = Debug|Any CPU
		{DB790AA9-269C-A189-FB8A-864C4B7F8256}.Debug|Any CPU.Build.0 = Debug|Any CPU
		{DB790AA9-269C-A189-FB8A-864C4B7F8256}.Release|Any CPU.ActiveCfg = Release|Any CPU
		{DB790AA9-269C-A189-FB8A-864C4B7F8256}.Release|Any CPU.Build.0 = Release|Any CPU
		{BD9D6B7D-2256-74B8-3513-D5ECEF8FFEEB}.Debug|Any CPU.ActiveCfg = Debug|Any CPU
		{BD9D6B7D-2256-74B8-3513-D5ECEF8FFEEB}.Debug|Any CPU.Build.0 = Debug|Any CPU
		{BD9D6B7D-2256-74B8-3513-D5ECEF8FFEEB}.Release|Any CPU.ActiveCfg = Release|Any CPU
		{BD9D6B7D-2256-74B8-3513-D5ECEF8FFEEB}.Release|Any CPU.Build.0 = Release|Any CPU
		{8A3AB1E9-0CE4-107E-E807-E7A769A1EF24}.Debug|Any CPU.ActiveCfg = Debug|Any CPU
		{8A3AB1E9-0CE4-107E-E807-E7A769A1EF24}.Debug|Any CPU.Build.0 = Debug|Any CPU
		{8A3AB1E9-0CE4-107E-E807-E7A769A1EF24}.Release|Any CPU.ActiveCfg = Release|Any CPU
		{8A3AB1E9-0CE4-107E-E807-E7A769A1EF24}.Release|Any CPU.Build.0 = Release|Any CPU
		{914C4F4C-96FC-5AB7-CDDC-FC7E594BFCC9}.Debug|Any CPU.ActiveCfg = Debug|Any CPU
		{914C4F4C-96FC-5AB7-CDDC-FC7E594BFCC9}.Debug|Any CPU.Build.0 = Debug|Any CPU
		{914C4F4C-96FC-5AB7-CDDC-FC7E594BFCC9}.Release|Any CPU.ActiveCfg = Release|Any CPU
		{914C4F4C-96FC-5AB7-CDDC-FC7E594BFCC9}.Release|Any CPU.Build.0 = Release|Any CPU
		{F341A200-7F2E-EE91-D7BE-47EC524C974F}.Debug|Any CPU.ActiveCfg = Debug|Any CPU
		{F341A200-7F2E-EE91-D7BE-47EC524C974F}.Debug|Any CPU.Build.0 = Debug|Any CPU
		{F341A200-7F2E-EE91-D7BE-47EC524C974F}.Release|Any CPU.ActiveCfg = Release|Any CPU
		{F341A200-7F2E-EE91-D7BE-47EC524C974F}.Release|Any CPU.Build.0 = Release|Any CPU
		{FB9FC46C-17B5-DA4C-E889-CF76FD3B559B}.Debug|Any CPU.ActiveCfg = Debug|Any CPU
		{FB9FC46C-17B5-DA4C-E889-CF76FD3B559B}.Debug|Any CPU.Build.0 = Debug|Any CPU
		{FB9FC46C-17B5-DA4C-E889-CF76FD3B559B}.Release|Any CPU.ActiveCfg = Release|Any CPU
		{FB9FC46C-17B5-DA4C-E889-CF76FD3B559B}.Release|Any CPU.Build.0 = Release|Any CPU
		{BDEFAC5B-3389-54F4-DB90-50530E41BF1D}.Debug|Any CPU.ActiveCfg = Debug|Any CPU
		{BDEFAC5B-3389-54F4-DB90-50530E41BF1D}.Debug|Any CPU.Build.0 = Debug|Any CPU
		{BDEFAC5B-3389-54F4-DB90-50530E41BF1D}.Release|Any CPU.ActiveCfg = Release|Any CPU
		{BDEFAC5B-3389-54F4-DB90-50530E41BF1D}.Release|Any CPU.Build.0 = Release|Any CPU
		{BBE2CB32-28E8-5081-CE88-0343E23A8B28}.Debug|Any CPU.ActiveCfg = Debug|Any CPU
		{BBE2CB32-28E8-5081-CE88-0343E23A8B28}.Debug|Any CPU.Build.0 = Debug|Any CPU
		{BBE2CB32-28E8-5081-CE88-0343E23A8B28}.Release|Any CPU.ActiveCfg = Release|Any CPU
		{BBE2CB32-28E8-5081-CE88-0343E23A8B28}.Release|Any CPU.Build.0 = Release|Any CPU
		{07C6E7C1-C443-92E8-2371-2099B36CF4F2}.Debug|Any CPU.ActiveCfg = Debug|Any CPU
		{07C6E7C1-C443-92E8-2371-2099B36CF4F2}.Debug|Any CPU.Build.0 = Debug|Any CPU
		{07C6E7C1-C443-92E8-2371-2099B36CF4F2}.Release|Any CPU.ActiveCfg = Release|Any CPU
		{07C6E7C1-C443-92E8-2371-2099B36CF4F2}.Release|Any CPU.Build.0 = Release|Any CPU
		{824E05A8-9F9E-F185-0757-3358E96471A6}.Debug|Any CPU.ActiveCfg = Debug|Any CPU
		{824E05A8-9F9E-F185-0757-3358E96471A6}.Debug|Any CPU.Build.0 = Debug|Any CPU
		{824E05A8-9F9E-F185-0757-3358E96471A6}.Release|Any CPU.ActiveCfg = Release|Any CPU
		{824E05A8-9F9E-F185-0757-3358E96471A6}.Release|Any CPU.Build.0 = Release|Any CPU
		{DD9E730A-5159-8EF6-BA8B-29DB4588374C}.Debug|Any CPU.ActiveCfg = Debug|Any CPU
		{DD9E730A-5159-8EF6-BA8B-29DB4588374C}.Debug|Any CPU.Build.0 = Debug|Any CPU
		{DD9E730A-5159-8EF6-BA8B-29DB4588374C}.Release|Any CPU.ActiveCfg = Release|Any CPU
		{DD9E730A-5159-8EF6-BA8B-29DB4588374C}.Release|Any CPU.Build.0 = Release|Any CPU
		{E8098CE6-F472-2CDB-C752-E3E2EFA133C3}.Debug|Any CPU.ActiveCfg = Debug|Any CPU
		{E8098CE6-F472-2CDB-C752-E3E2EFA133C3}.Debug|Any CPU.Build.0 = Debug|Any CPU
		{E8098CE6-F472-2CDB-C752-E3E2EFA133C3}.Release|Any CPU.ActiveCfg = Release|Any CPU
		{E8098CE6-F472-2CDB-C752-E3E2EFA133C3}.Release|Any CPU.Build.0 = Release|Any CPU
		{E473A1D6-DD59-B6C2-E6ED-F193B37F143A}.Debug|Any CPU.ActiveCfg = Debug|Any CPU
		{E473A1D6-DD59-B6C2-E6ED-F193B37F143A}.Debug|Any CPU.Build.0 = Debug|Any CPU
		{E473A1D6-DD59-B6C2-E6ED-F193B37F143A}.Release|Any CPU.ActiveCfg = Release|Any CPU
		{E473A1D6-DD59-B6C2-E6ED-F193B37F143A}.Release|Any CPU.Build.0 = Release|Any CPU
		{72D7E12C-493D-D4D8-05C8-1ED8A862C0D4}.Debug|Any CPU.ActiveCfg = Debug|Any CPU
		{72D7E12C-493D-D4D8-05C8-1ED8A862C0D4}.Debug|Any CPU.Build.0 = Debug|Any CPU
		{72D7E12C-493D-D4D8-05C8-1ED8A862C0D4}.Release|Any CPU.ActiveCfg = Release|Any CPU
		{72D7E12C-493D-D4D8-05C8-1ED8A862C0D4}.Release|Any CPU.Build.0 = Release|Any CPU
		{E3FCBCA0-D331-33E2-E939-279CA632129E}.Debug|Any CPU.ActiveCfg = Debug|Any CPU
		{E3FCBCA0-D331-33E2-E939-279CA632129E}.Debug|Any CPU.Build.0 = Debug|Any CPU
		{E3FCBCA0-D331-33E2-E939-279CA632129E}.Release|Any CPU.ActiveCfg = Release|Any CPU
		{E3FCBCA0-D331-33E2-E939-279CA632129E}.Release|Any CPU.Build.0 = Release|Any CPU
		{AA2CBD20-9817-5768-6CB4-8B29515437B8}.Debug|Any CPU.ActiveCfg = Debug|Any CPU
		{AA2CBD20-9817-5768-6CB4-8B29515437B8}.Debug|Any CPU.Build.0 = Debug|Any CPU
		{AA2CBD20-9817-5768-6CB4-8B29515437B8}.Release|Any CPU.ActiveCfg = Release|Any CPU
		{AA2CBD20-9817-5768-6CB4-8B29515437B8}.Release|Any CPU.Build.0 = Release|Any CPU
		{4F9FF096-BD7F-CF3E-28BA-7616A2413C35}.Debug|Any CPU.ActiveCfg = Debug|Any CPU
		{4F9FF096-BD7F-CF3E-28BA-7616A2413C35}.Debug|Any CPU.Build.0 = Debug|Any CPU
		{4F9FF096-BD7F-CF3E-28BA-7616A2413C35}.Release|Any CPU.ActiveCfg = Release|Any CPU
		{4F9FF096-BD7F-CF3E-28BA-7616A2413C35}.Release|Any CPU.Build.0 = Release|Any CPU
		{5CAB5224-6ACF-2324-7907-44F3072E28AC}.Debug|Any CPU.ActiveCfg = Debug|Any CPU
		{5CAB5224-6ACF-2324-7907-44F3072E28AC}.Debug|Any CPU.Build.0 = Debug|Any CPU
		{5CAB5224-6ACF-2324-7907-44F3072E28AC}.Release|Any CPU.ActiveCfg = Release|Any CPU
		{5CAB5224-6ACF-2324-7907-44F3072E28AC}.Release|Any CPU.Build.0 = Release|Any CPU
		{AA5F257E-068F-1223-AD8D-6C74347445D7}.Debug|Any CPU.ActiveCfg = Debug|Any CPU
		{AA5F257E-068F-1223-AD8D-6C74347445D7}.Debug|Any CPU.Build.0 = Debug|Any CPU
		{AA5F257E-068F-1223-AD8D-6C74347445D7}.Release|Any CPU.ActiveCfg = Release|Any CPU
		{AA5F257E-068F-1223-AD8D-6C74347445D7}.Release|Any CPU.Build.0 = Release|Any CPU
		{5296C27F-94B8-4039-74E1-10E6C17229A5}.Debug|Any CPU.ActiveCfg = Debug|Any CPU
		{5296C27F-94B8-4039-74E1-10E6C17229A5}.Debug|Any CPU.Build.0 = Debug|Any CPU
		{5296C27F-94B8-4039-74E1-10E6C17229A5}.Release|Any CPU.ActiveCfg = Release|Any CPU
		{5296C27F-94B8-4039-74E1-10E6C17229A5}.Release|Any CPU.Build.0 = Release|Any CPU
	EndGlobalSection
	GlobalSection(SolutionProperties) = preSolution
		HideSolutionNode = FALSE
	EndGlobalSection
	GlobalSection(NestedProjects) = preSolution
		{94107FC8-9964-D3A9-A448-5CF04801A8E9} = {9CFE0D14-D830-9A57-5A2C-70B0F008A585}
		{DB790AA9-269C-A189-FB8A-864C4B7F8256} = {94107FC8-9964-D3A9-A448-5CF04801A8E9}
		{5B6C0393-86E7-7411-ED65-5685E4AE1EEB} = {9CFE0D14-D830-9A57-5A2C-70B0F008A585}
		{BD9D6B7D-2256-74B8-3513-D5ECEF8FFEEB} = {5B6C0393-86E7-7411-ED65-5685E4AE1EEB}
		{970A751D-0555-2626-C5E3-ECDAF701292A} = {9CFE0D14-D830-9A57-5A2C-70B0F008A585}
		{8A3AB1E9-0CE4-107E-E807-E7A769A1EF24} = {970A751D-0555-2626-C5E3-ECDAF701292A}
		{5184C9A1-0932-DDDA-161F-95B530166023} = {9CFE0D14-D830-9A57-5A2C-70B0F008A585}
		{914C4F4C-96FC-5AB7-CDDC-FC7E594BFCC9} = {5184C9A1-0932-DDDA-161F-95B530166023}
		{F7F0F8F5-2AAD-0C56-BD1D-293E9481FAF4} = {6BE8DA86-02F7-ED7C-3FC7-A84E807B23B3}
		{F341A200-7F2E-EE91-D7BE-47EC524C974F} = {F7F0F8F5-2AAD-0C56-BD1D-293E9481FAF4}
		{5434D777-0180-018C-AA2A-73DEDCB7CB98} = {6BE8DA86-02F7-ED7C-3FC7-A84E807B23B3}
		{FB9FC46C-17B5-DA4C-E889-CF76FD3B559B} = {5434D777-0180-018C-AA2A-73DEDCB7CB98}
		{1DB89410-48D8-3192-B51F-066D6803DB9A} = {6BE8DA86-02F7-ED7C-3FC7-A84E807B23B3}
		{BDEFAC5B-3389-54F4-DB90-50530E41BF1D} = {1DB89410-48D8-3192-B51F-066D6803DB9A}
		{A8899D5E-7714-94D3-B76D-B713F95E1267} = {6BE8DA86-02F7-ED7C-3FC7-A84E807B23B3}
		{BBE2CB32-28E8-5081-CE88-0343E23A8B28} = {A8899D5E-7714-94D3-B76D-B713F95E1267}
		{42353627-B67D-A528-BE3B-8488B7F55475} = {92F7EAC7-BF28-BAB5-5830-9E5CA4F0B7D0}
		{07C6E7C1-C443-92E8-2371-2099B36CF4F2} = {42353627-B67D-A528-BE3B-8488B7F55475}
		{0859CF2E-D83A-E532-74C1-D0F5A8FFFFDF} = {92F7EAC7-BF28-BAB5-5830-9E5CA4F0B7D0}
		{824E05A8-9F9E-F185-0757-3358E96471A6} = {0859CF2E-D83A-E532-74C1-D0F5A8FFFFDF}
		{77D7C21F-5A07-CB65-99FC-7C2D1FBB3A53} = {92F7EAC7-BF28-BAB5-5830-9E5CA4F0B7D0}
		{DD9E730A-5159-8EF6-BA8B-29DB4588374C} = {77D7C21F-5A07-CB65-99FC-7C2D1FBB3A53}
		{202636FF-EBB4-598E-A526-C310DB869D1D} = {92F7EAC7-BF28-BAB5-5830-9E5CA4F0B7D0}
		{E8098CE6-F472-2CDB-C752-E3E2EFA133C3} = {202636FF-EBB4-598E-A526-C310DB869D1D}
		{CE5B9E71-34D8-18F7-78CA-435F379F40FC} = {843BF57B-2CF3-C461-FC20-CA8D399E8F53}
		{E473A1D6-DD59-B6C2-E6ED-F193B37F143A} = {CE5B9E71-34D8-18F7-78CA-435F379F40FC}
		{3FD668F8-1308-14F8-BBEC-25399AD6E4EC} = {843BF57B-2CF3-C461-FC20-CA8D399E8F53}
		{72D7E12C-493D-D4D8-05C8-1ED8A862C0D4} = {3FD668F8-1308-14F8-BBEC-25399AD6E4EC}
		{02817CA5-60ED-C919-ABB0-7C977A389B7F} = {843BF57B-2CF3-C461-FC20-CA8D399E8F53}
		{E3FCBCA0-D331-33E2-E939-279CA632129E} = {02817CA5-60ED-C919-ABB0-7C977A389B7F}
		{76A70D72-D249-3542-1852-E8FE6F9B577B} = {843BF57B-2CF3-C461-FC20-CA8D399E8F53}
		{AA2CBD20-9817-5768-6CB4-8B29515437B8} = {76A70D72-D249-3542-1852-E8FE6F9B577B}
		{281A5837-BF05-3577-C229-313151745D2A} = {C0F9D524-D147-ACCD-A1EC-3A23DD3E8561}
		{4F9FF096-BD7F-CF3E-28BA-7616A2413C35} = {281A5837-BF05-3577-C229-313151745D2A}
		{26A8F5A6-10EA-4C39-9D02-13587C283ADC} = {C0F9D524-D147-ACCD-A1EC-3A23DD3E8561}
		{5CAB5224-6ACF-2324-7907-44F3072E28AC} = {26A8F5A6-10EA-4C39-9D02-13587C283ADC}
		{9129DE97-C1EB-C127-AA93-EE78B0D226CD} = {C0F9D524-D147-ACCD-A1EC-3A23DD3E8561}
		{AA5F257E-068F-1223-AD8D-6C74347445D7} = {9129DE97-C1EB-C127-AA93-EE78B0D226CD}
		{3E8F1666-B377-C6CA-7FE8-ED1E9EDF5EFB} = {C0F9D524-D147-ACCD-A1EC-3A23DD3E8561}
		{5296C27F-94B8-4039-74E1-10E6C17229A5} = {3E8F1666-B377-C6CA-7FE8-ED1E9EDF5EFB}
	EndGlobalSection
	GlobalSection(ExtensibilityGlobals) = postSolution
		SolutionGuid = {F6D50FAD-C318-4E78-99C0-2D9DD6872DD1}
	EndGlobalSection
EndGlobal
